<Solution>
  <Folder Name="/docs/" />
  <Folder Name="/samples/">
    <Project Path="samples/BaseRz.Samples.Wasm/BaseRz.Samples.Wasm.csproj" />
  </Folder>
  <Folder Name="/src/">
    <Project Path="src/BaseRz.Core/BaseRz.Core.csproj" />
    <Project Path="src/BaseRz.JS/BaseRz.JS.csproj" />
  </Folder>
  <Folder Name="/tests/">
    <Project Path="tests/BaseRz.Tests/BaseRz.Tests.csproj" />
  </Folder>
</Solution>
